// !$*UTF8*$!
{
	archiveVersion = 1;
	classes = {
	};
	objectVersion = 46;
	objects = {

/* Begin PBXBuildFile section */
		747E3DC81CA8F5BF00BB8405 /* AppDelegate.swift in Sources */ = {isa = PBXBuildFile; fileRef = 747E3DC71CA8F5BF00BB8405 /* AppDelegate.swift */; };
		747E3DCA1CA8F5BF00BB8405 /* ViewController.swift in Sources */ = {isa = PBXBuildFile; fileRef = 747E3DC91CA8F5BF00BB8405 /* ViewController.swift */; };
		747E3DCD1CA8F5BF00BB8405 /* Main.storyboard in Resources */ = {isa = PBXBuildFile; fileRef = 747E3DCB1CA8F5BF00BB8405 /* Main.storyboard */; };
		747E3DCF1CA8F5BF00BB8405 /* Assets.xcassets in Resources */ = {isa = PBXBuildFile; fileRef = 747E3DCE1CA8F5BF00BB8405 /* Assets.xcassets */; };
		747E3DD21CA8F5BF00BB8405 /* LaunchScreen.storyboard in Resources */ = {isa = PBXBuildFile; fileRef = 747E3DD01CA8F5BF00BB8405 /* LaunchScreen.storyboard */; };
/* End PBXBuildFile section */

/* Begin PBXFileReference section */
		747E3DC41CA8F5BF00BB8405 /* XCodeAssets.app */ = {isa = PBXFileReference; explicitFileType = wrapper.application; includeInIndex = 0; path = XCodeAssets.app; sourceTree = BUILT_PRODUCTS_DIR; };
		747E3DC71CA8F5BF00BB8405 /* AppDelegate.swift */ = {isa = PBXFileReference; lastKnownFileType = sourcecode.swift; path = AppDelegate.swift; sourceTree = "<group>"; };
		747E3DC91CA8F5BF00BB8405 /* ViewController.swift */ = {isa = PBXFileReference; lastKnownFileType = sourcecode.swift; path = ViewController.swift; sourceTree = "<group>"; };
		747E3DCC1CA8F5BF00BB8405 /* Base */ = {isa = PBXFileReference; lastKnownFileType = file.storyboard; name = Base; path = Base.lproj/Main.storyboard; sourceTree = "<group>"; };
		747E3DCE1CA8F5BF00BB8405 /* Assets.xcassets */ = {isa = PBXFileReference; lastKnownFileType = folder.assetcatalog; path = Assets.xcassets; sourceTree = "<group>"; };
		747E3DD11CA8F5BF00BB8405 /* Base */ = {isa = PBXFileReference; lastKnownFileType = file.storyboard; name = Base; path = Base.lproj/LaunchScreen.storyboard; sourceTree = "<group>"; };
		747E3DD31CA8F5BF00BB8405 /* Info.plist */ = {isa = PBXFileReference; lastKnownFileType = text.plist.xml; path = Info.plist; sourceTree = "<group>"; };
/* End PBXFileReference section */

/* Begin PBXFrameworksBuildPhase section */
		747E3DC11CA8F5BF00BB8405 /* Frameworks */ = {
			isa = PBXFrameworksBuildPhase;
			buildActionMask = 2147483647;
			files = (
			);
			runOnlyForDeploymentPostprocessing = 0;
		};
/* End PBXFrameworksBuildPhase section */

/* Begin PBXGroup section */
		747E3DBB1CA8F5BF00BB8405 = {
			isa = PBXGroup;
			children = (
				747E3DC61CA8F5BF00BB8405 /* XCodeAssets */,
				747E3DC51CA8F5BF00BB8405 /* Products */,
			);
			sourceTree = "<group>";
		};
		747E3DC51CA8F5BF00BB8405 /* Products */ = {
			isa = PBXGroup;
			children = (
				747E3DC41CA8F5BF00BB8405 /* XCodeAssets.app */,
			);
			name = Products;
			sourceTree = "<group>";
		};
		747E3DC61CA8F5BF00BB8405 /* XCodeAssets */ = {
			isa = PBXGroup;
			children = (
				747E3DC71CA8F5BF00BB8405 /* AppDelegate.swift */,
				747E3DC91CA8F5BF00BB8405 /* ViewController.swift */,
				747E3DCB1CA8F5BF00BB8405 /* Main.storyboard */,
				747E3DCE1CA8F5BF00BB8405 /* Assets.xcassets */,
				747E3DD01CA8F5BF00BB8405 /* LaunchScreen.storyboard */,
				747E3DD31CA8F5BF00BB8405 /* Info.plist */,
			);
			path = XCodeAssets;
			sourceTree = "<group>";
		};
/* End PBXGroup section */

/* Begin PBXNativeTarget section */
		747E3DC31CA8F5BF00BB8405 /* XCodeAssets */ = {
			isa = PBXNativeTarget;
			buildConfigurationList = 747E3DD61CA8F5BF00BB8405 /* Build configuration list for PBXNativeTarget "XCodeAssets" */;
			buildPhases = (
				747E3DC01CA8F5BF00BB8405 /* Sources */,
				747E3DC11CA8F5BF00BB8405 /* Frameworks */,
				747E3DC21CA8F5BF00BB8405 /* Resources */,
			);
			buildRules = (
			);
			dependencies = (
			);
			name = XCodeAssets;
			productName = XCodeAssets;
			productReference = 747E3DC41CA8F5BF00BB8405 /* XCodeAssets.app */;
			productType = "com.apple.product-type.application";
		};
/* End PBXNativeTarget section */

/* Begin PBXProject section */
		747E3DBC1CA8F5BF00BB8405 /* Project object */ = {
			isa = PBXProject;
			attributes = {
				LastSwiftUpdateCheck = 0730;
				LastUpgradeCheck = 0730;
				ORGANIZATIONNAME = "Babar QB";
				TargetAttributes = {
					747E3DC31CA8F5BF00BB8405 = {
						CreatedOnToolsVersion = 7.3;
						DevelopmentTeam = 35T3CD93VH;
					};
				};
			};
			buildConfigurationList = 747E3DBF1CA8F5BF00BB8405 /* Build configuration list for PBXProject "XCodeAssets" */;
			compatibilityVersion = "Xcode 3.2";
			developmentRegion = English;
			hasScannedForEncodings = 0;
			knownRegions = (
				en,
				Base,
			);
			mainGroup = 747E3DBB1CA8F5BF00BB8405;
			productRefGroup = 747E3DC51CA8F5BF00BB8405 /* Products */;
			projectDirPath = "";
			projectRoot = "";
			targets = (
				747E3DC31CA8F5BF00BB8405 /* XCodeAssets */,
			);
		};
/* End PBXProject section */

/* Begin PBXResourcesBuildPhase section */
		747E3DC21CA8F5BF00BB8405 /* Resources */ = {
			isa = PBXResourcesBuildPhase;
			buildActionMask = 2147483647;
			files = (
				747E3DD21CA8F5BF00BB8405 /* LaunchScreen.storyboard in Resources */,
				747E3DCF1CA8F5BF00BB8405 /* Assets.xcassets in Resources */,
				747E3DCD1CA8F5BF00BB8405 /* Main.storyboard in Resources */,
			);
			runOnlyForDeploymentPostprocessing = 0;
		};
/* End PBXResourcesBuildPhase section */

/* Begin PBXSourcesBuildPhase section */
		747E3DC01CA8F5BF00BB8405 /* Sources */ = {
			isa = PBXSourcesBuildPhase;
			buildActionMask = 2147483647;
			files = (
				747E3DCA1CA8F5BF00BB8405 /* ViewController.swift in Sources */,
				747E3DC81CA8F5BF00BB8405 /* AppDelegate.swift in Sources */,
			);
			runOnlyForDeploymentPostprocessing = 0;
		};
/* End PBXSourcesBuildPhase section */

/* Begin PBXVariantGroup section */
		747E3DCB1CA8F5BF00BB8405 /* Main.storyboard */ = {
			isa = PBXVariantGroup;
			children = (
				747E3DCC1CA8F5BF00BB8405 /* Base */,
			);
			name = Main.storyboard;
			sourceTree = "<group>";
		};
		747E3DD01CA8F5BF00BB8405 /* LaunchScreen.storyboard */ = {
			isa = PBXVariantGroup;
			children = (
				747E3DD11CA8F5BF00BB8405 /* Base */,
			);
			name = LaunchScreen.storyboard;
			sourceTree = "<group>";
		};
/* End PBXVariantGroup section */

/* Begin XCBuildConfiguration section */
		747E3DD41CA8F5BF00BB8405 /* Debug */ = {
			isa = XCBuildConfiguration;
			buildSettings = {
				ALWAYS_SEARCH_USER_PATHS = NO;
				CLANG_ANALYZER_NONNULL = YES;
				CLANG_CXX_LANGUAGE_STANDARD = "gnu++0x";
				CLANG_CXX_LIBRARY = "libc++";
				CLANG_ENABLE_MODULES = YES;
				CLANG_ENABLE_OBJC_ARC = YES;
				CLANG_WARN_BOOL_CONVERSION = YES;
				CLANG_WARN_CONSTANT_CONVERSION = YES;
				CLANG_WARN_DIRECT_OBJC_ISA_USAGE = YES_ERROR;
				CLANG_WARN_EMPTY_BODY = YES;
				CLANG_WARN_ENUM_CONVERSION = YES;
				CLANG_WARN_INT_CONVERSION = YES;
				CLANG_WARN_OBJC_ROOT_CLASS = YES_ERROR;
				CLANG_WARN_UNREACHABLE_CODE = YES;
				CLANG_WARN__DUPLICATE_METHOD_MATCH = YES;
				"CODE_SIGN_IDENTITY[sdk=iphoneos*]" = "iPhone Developer";
				COPY_PHASE_STRIP = NO;
				DEBUG_INFORMATION_FORMAT = dwarf;
				ENABLE_STRICT_OBJC_MSGSEND = YES;
				ENABLE_TESTABILITY = YES;
				GCC_C_LANGUAGE_STANDARD = gnu99;
				GCC_DYNAMIC_NO_PIC = NO;
				GCC_NO_COMMON_BLOCKS = YES;
				GCC_OPTIMIZATION_LEVEL = 0;
				GCC_PREPROCESSOR_DEFINITIONS = (
					"DEBUG=1",
					"$(inherited)",
				);
				GCC_WARN_64_TO_32_BIT_CONVERSION = YES;
				GCC_WARN_ABOUT_RETURN_TYPE = YES_ERROR;
				GCC_WARN_UNDECLARED_SELECTOR = YES;
				GCC_WARN_UNINITIALIZED_AUTOS = YES_AGGRESSIVE;
				GCC_WARN_UNUSED_FUNCTION = YES;
				GCC_WARN_UNUSED_VARIABLE = YES;
				IPHONEOS_DEPLOYMENT_TARGET = 9.3;
				MTL_ENABLE_DEBUG_INFO = YES;
				ONLY_ACTIVE_ARCH = YES;
				SDKROOT = iphoneos;
				SWIFT_OPTIMIZATION_LEVEL = "-Onone";
				TARGETED_DEVICE_FAMILY = "1,2";
			};
			name = Debug;
		};
		747E3DD51CA8F5BF00BB8405 /* Release */ = {
			isa = XCBuildConfiguration;
			buildSettings = {
				ALWAYS_SEARCH_USER_PATHS = NO;
				CLANG_ANALYZER_NONNULL = YES;
				CLANG_CXX_LANGUAGE_STANDARD = "gnu++0x";
				CLANG_CXX_LIBRARY = "libc++";
				CLANG_ENABLE_MODULES = YES;
				CLANG_ENABLE_OBJC_ARC = YES;
				CLANG_WARN_BOOL_CONVERSION = YES;
				CLANG_WARN_CONSTANT_CONVERSION = YES;
				CLANG_WARN_DIRECT_OBJC_ISA_USAGE = YES_ERROR;
				CLANG_WARN_EMPTY_BODY = YES;
				CLANG_WARN_ENUM_CONVERSION = YES;
				CLANG_WARN_INT_CONVERSION = YES;
				CLANG_WARN_OBJC_ROOT_CLASS = YES_ERROR;
				CLANG_WARN_UNREACHABLE_CODE = YES;
				CLANG_WARN__DUPLICATE_METHOD_MATCH = YES;
				"CODE_SIGN_IDENTITY[sdk=iphoneos*]" = "iPhone Developer";
				COPY_PHASE_STRIP = NO;
				DEBUG_INFORMATION_FORMAT = "dwarf-with-dsym";
				ENABLE_NS_ASSERTIONS = NO;
				ENABLE_STRICT_OBJC_MSGSEND = YES;
				GCC_C_LANGUAGE_STANDARD = gnu99;
				GCC_NO_COMMON_BLOCKS = YES;
				GCC_WARN_64_TO_32_BIT_CONVERSION = YES;
				GCC_WARN_ABOUT_RETURN_TYPE = YES_ERROR;
				GCC_WARN_UNDECLARED_SELECTOR = YES;
				GCC_WARN_UNINITIALIZED_AUTOS = YES_AGGRESSIVE;
				GCC_WARN_UNUSED_FUNCTION = YES;
				GCC_WARN_UNUSED_VARIABLE = YES;
				IPHONEOS_DEPLOYMENT_TARGET = 9.3;
				MTL_ENABLE_DEBUG_INFO = NO;
				SDKROOT = iphoneos;
				TARGETED_DEVICE_FAMILY = "1,2";
				VALIDATE_PRODUCT = YES;
			};
			name = Release;
		};
		747E3DD71CA8F5BF00BB8405 /* Debug */ = {
			isa = XCBuildConfiguration;
			buildSettings = {
				ASSETCATALOG_COMPILER_APPICON_NAME = AppIcon;
				INFOPLIST_FILE = XCodeAssets/Info.plist;
				LD_RUNPATH_SEARCH_PATHS = "$(inherited) @executable_path/Frameworks";
				PRODUCT_BUNDLE_IDENTIFIER = com.memobiles.XCodeAssets;
				PRODUCT_NAME = "$(TARGET_NAME)";
			};
			name = Debug;
		};
		747E3DD81CA8F5BF00BB8405 /* Release */ = {
			isa = XCBuildConfiguration;
			buildSettings = {
				ASSETCATALOG_COMPILER_APPICON_NAME = AppIcon;
				INFOPLIST_FILE = XCodeAssets/Info.plist;
				LD_RUNPATH_SEARCH_PATHS = "$(inherited) @executable_path/Frameworks";
				PRODUCT_BUNDLE_IDENTIFIER = com.memobiles.XCodeAssets;
				PRODUCT_NAME = "$(TARGET_NAME)";
			};
			name = Release;
		};
/* End XCBuildConfiguration section */

/* Begin XCConfigurationList section */
		747E3DBF1CA8F5BF00BB8405 /* Build configuration list for PBXProject "XCodeAssets" */ = {
			isa = XCConfigurationList;
			buildConfigurations = (
				747E3DD41CA8F5BF00BB8405 /* Debug */,
				747E3DD51CA8F5BF00BB8405 /* Release */,
			);
			defaultConfigurationIsVisible = 0;
			defaultConfigurationName = Release;
		};
		747E3DD61CA8F5BF00BB8405 /* Build configuration list for PBXNativeTarget "XCodeAssets" */ = {
			isa = XCConfigurationList;
			buildConfigurations = (
				747E3DD71CA8F5BF00BB8405 /* Debug */,
				747E3DD81CA8F5BF00BB8405 /* Release */,
			);
			defaultConfigurationIsVisible = 0;
		};
/* End XCConfigurationList section */
	};
	rootObject = 747E3DBC1CA8F5BF00BB8405 /* Project object */;
}
